
Microsoft Visual Studio Solution File, Format Version 12.00
# Visual Studio Version 17
VisualStudioVersion = 17.5.002.0
MinimumVisualStudioVersion = 10.0.40219.1
Project("{9A19103F-16F7-4668-BE54-9A1E7A4F7556}") = "DungeonLairBackend", "Backend\DungeonLairBackend.csproj", "{979C970E-D918-4FD0-8DAE-348F8E5320D3}"
EndProject
Global
	GlobalSection(SolutionConfigurationPlatforms) = preSolution
		Debug|Any CPU = Debug|Any CPU
		Release|Any CPU = Release|Any CPU
	EndGlobalSection
	GlobalSection(ProjectConfigurationPlatforms) = postSolution
		{979C970E-D918-4FD0-8DAE-348F8E5320D3}.Debug|Any CPU.ActiveCfg = Debug|Any CPU
		{979C970E-D918-4FD0-8DAE-348F8E5320D3}.Debug|Any CPU.Build.0 = Debug|Any CPU
		{979C970E-D918-4FD0-8DAE-348F8E5320D3}.Release|Any CPU.ActiveCfg = Release|Any CPU
		{979C970E-D918-4FD0-8DAE-348F8E5320D3}.Release|Any CPU.Build.0 = Release|Any CPU
	EndGlobalSection
	GlobalSection(SolutionProperties) = preSolution
		HideSolutionNode = FALSE
	EndGlobalSection
	GlobalSection(ExtensibilityGlobals) = postSolution
		SolutionGuid = {E5E79AA9-E9D8-4A98-A35C-323A9F79A407}
	EndGlobalSection
EndGlobal
